%{"bucs": {:hex, :bucs, "0.1.9", "810fdfeb83adf127e6303fbb1e8139bd575699dee8204f46f162908b5f343cf5", [:rebar3, :mix, :make], []},
  "certifi": {:hex, :certifi, "0.7.0", "861a57f3808f7eb0c2d1802afeaae0fa5de813b0df0979153cbafcd853ababaf", [:rebar3], []},
  "doteki": {:hex, :doteki, "0.1.13", "c78ba7b2373371d5319896f462d437456e7c9de75ed79aa433bac8532235057f", [:rebar3, :mix, :make], [{:bucs, "~> 0.1.9", [hex: :bucs, optional: false]}]},
  "hackney": {:git, "https://github.com/botsunit/hackney.git", "3038a4d2b0cc73fab9ea099139c28e6d17d558f0", [branch: "master"]},
  "idna": {:hex, :idna, "1.2.0", "ac62ee99da068f43c50dc69acf700e03a62a348360126260e87f2b54eced86b2", [:rebar3], []},
  "metrics": {:hex, :metrics, "2.1.0", "6cd43bcd7eb0702458184b9dc8e53ba4338696bfbe90698b45010a870dc227da", [:rebar3], []},
  "mimerl": {:hex, :mimerl, "1.0.2", "993f9b0e084083405ed8252b99460c4f0563e41729ab42d9074fd5e52439be88", [:rebar3], []},
  "ssl_verify_fun": {:hex, :ssl_verify_fun, "1.1.1", "28a4d65b7f59893bc2c7de786dec1e1555bd742d336043fe644ae956c3497fbe", [:rebar, :make], []},
  "uuid": {:git, "https://github.com/botsunit/erlang-uuid.git", "582cab69bdff5c56ca3907226ed7dca8663b5701", [tag: "0.6.0"]},
  "wok_http_adapter": {:git, "git@gitlab.botsunit.com:msaas/wok_http_adapter.git", "f846a6d41cfd01ec933a0488c7e97cf8a90e6677", [tag: "0.1.2"]},
  "wok_message_handler": {:git, "git@gitlab.botsunit.com:msaas/wok_message_handler.git", "8e253fd88f1a1a19647d3af560e6338e7ab693b2", [tag: "0.5.1"]}}
