[{<<"bucs">>,{pkg,<<"bucs">>,<<"0.1.9">>},0},
 {<<"certifi">>,{pkg,<<"certifi">>,<<"0.7.0">>},1},
 {<<"doteki">>,{pkg,<<"doteki">>,<<"0.1.13">>},0},
 {<<"hackney">>,
  {git,"https://github.com/botsunit/hackney.git",
       {ref,"9a421bfe160ab91e1703d5ada721c51fbd2602d7"}},
  0},
 {<<"idna">>,{pkg,<<"idna">>,<<"1.2.0">>},1},
 {<<"metrics">>,
  {git,"https://github.com/botsunit/erlang-metrics.git",
       {ref,"acb2181d9e1b18139237ee748ab3b3590dadc5eb"}},
  1},
 {<<"mimerl">>,{pkg,<<"mimerl">>,<<"1.0.2">>},1},
 {<<"ssl_verify_fun">>,{pkg,<<"ssl_verify_fun">>,<<"1.1.1">>},1}].
