[{<<"bucs">>,{pkg,<<"bucs">>,<<"1.0.2">>},0},
 {<<"certifi">>,{pkg,<<"certifi">>,<<"0.7.0">>},1},
 {<<"doteki">>,{pkg,<<"doteki">>,<<"1.0.2">>},0},
 {<<"hackney">>,
  {git,"https://github.com/botsunit/hackney.git",
       {ref,"23888be6e5b1c44b18d7af7755b97a07726534bf"}},
  0},
 {<<"idna">>,{pkg,<<"idna">>,<<"1.2.0">>},1},
 {<<"metrics">>,{pkg,<<"metrics">>,<<"2.2.0">>},1},
 {<<"mimerl">>,{pkg,<<"mimerl">>,<<"1.0.2">>},1},
 {<<"ssl_verify_fun">>,{pkg,<<"ssl_verify_fun">>,<<"1.1.1">>},1}].
